
Microsoft Visual Studio Solution File, Format Version 12.00
# Visual Studio 15
VisualStudioVersion = 15.0.26730.15
MinimumVisualStudioVersion = 10.0.40219.1
Project("{9A19103F-16F7-4668-BE54-9A1E7A4F7556}") = "TSQLLINT_COMMON", "TSQLLINT_COMMON\TSQLLINT_COMMON.csproj", "{BA93055D-76AE-4C24-AEA6-BBB90EDC4655}"
EndProject
Project("{9A19103F-16F7-4668-BE54-9A1E7A4F7556}") = "TSQLLINT_COMMON_TESTS", "TSQLLINT_COMMON_TESTS\TSQLLINT_COMMON_TESTS.csproj", "{E0C267EF-75BE-4DDF-9AF3-1EFE2226E431}"
EndProject
Project("{2150E333-8FDC-42A3-9474-1A3956D46DE8}") = "SolitionItems", "SolitionItems", "{16EB0E25-8B51-4117-8E9E-097E88FC8FBC}"
	ProjectSection(SolutionItems) = preProject
		.gitignore = .gitignore
		appveyor.yml = appveyor.yml
		TSQLLINT_COMMON.nuspec = TSQLLINT_COMMON.nuspec
	EndProjectSection
EndProject
Global
	GlobalSection(SolutionConfigurationPlatforms) = preSolution
		Debug|Any CPU = Debug|Any CPU
		Release|Any CPU = Release|Any CPU
	EndGlobalSection
	GlobalSection(ProjectConfigurationPlatforms) = postSolution
		{BA93055D-76AE-4C24-AEA6-BBB90EDC4655}.Debug|Any CPU.ActiveCfg = Debug|Any CPU
		{BA93055D-76AE-4C24-AEA6-BBB90EDC4655}.Debug|Any CPU.Build.0 = Debug|Any CPU
		{BA93055D-76AE-4C24-AEA6-BBB90EDC4655}.Release|Any CPU.ActiveCfg = Release|Any CPU
		{BA93055D-76AE-4C24-AEA6-BBB90EDC4655}.Release|Any CPU.Build.0 = Release|Any CPU
		{E0C267EF-75BE-4DDF-9AF3-1EFE2226E431}.Debug|Any CPU.ActiveCfg = Debug|Any CPU
		{E0C267EF-75BE-4DDF-9AF3-1EFE2226E431}.Debug|Any CPU.Build.0 = Debug|Any CPU
		{E0C267EF-75BE-4DDF-9AF3-1EFE2226E431}.Release|Any CPU.ActiveCfg = Release|Any CPU
		{E0C267EF-75BE-4DDF-9AF3-1EFE2226E431}.Release|Any CPU.Build.0 = Release|Any CPU
	EndGlobalSection
	GlobalSection(SolutionProperties) = preSolution
		HideSolutionNode = FALSE
	EndGlobalSection
	GlobalSection(ExtensibilityGlobals) = postSolution
		SolutionGuid = {82880477-4FB8-4EB0-A5A9-25CB86976A38}
	EndGlobalSection
EndGlobal
